
Microsoft Visual Studio Solution File, Format Version 12.00
# Visual Studio 15
VisualStudioVersion = 15.0.28307.705
MinimumVisualStudioVersion = 10.0.40219.1
Project("{E24C65DC-7377-472B-9ABA-BC803B73C61A}") = "Hyponet", ".", "{10E180B4-8E09-4970-BCAA-844E28FCE912}"
	ProjectSection(WebsiteProperties) = preProject
		TargetFrameworkMoniker = ".NETFramework,Version%3Dv4.0"
		Debug.AspNetCompiler.VirtualPath = "/localhost_1051"
		Debug.AspNetCompiler.PhysicalPath = "..\Hyponet\"
		Debug.AspNetCompiler.TargetPath = "PrecompiledWeb\localhost_1051\"
		Debug.AspNetCompiler.Updateable = "true"
		Debug.AspNetCompiler.ForceOverwrite = "true"
		Debug.AspNetCompiler.FixedNames = "false"
		Debug.AspNetCompiler.Debug = "True"
		Release.AspNetCompiler.VirtualPath = "/localhost_1051"
		Release.AspNetCompiler.PhysicalPath = "..\Hyponet\"
		Release.AspNetCompiler.TargetPath = "PrecompiledWeb\localhost_1051\"
		Release.AspNetCompiler.Updateable = "true"
		Release.AspNetCompiler.ForceOverwrite = "true"
		Release.AspNetCompiler.FixedNames = "false"
		Release.AspNetCompiler.Debug = "False"
		VWDPort = "1051"
		SlnRelativePath = "..\Hyponet\"
	EndProjectSection
EndProject
Global
	GlobalSection(SolutionConfigurationPlatforms) = preSolution
		Debug|Any CPU = Debug|Any CPU
	EndGlobalSection
	GlobalSection(ProjectConfigurationPlatforms) = postSolution
		{10E180B4-8E09-4970-BCAA-844E28FCE912}.Debug|Any CPU.ActiveCfg = Debug|Any CPU
		{10E180B4-8E09-4970-BCAA-844E28FCE912}.Debug|Any CPU.Build.0 = Debug|Any CPU
	EndGlobalSection
	GlobalSection(SolutionProperties) = preSolution
		HideSolutionNode = FALSE
	EndGlobalSection
	GlobalSection(ExtensibilityGlobals) = postSolution
		SolutionGuid = {91C46190-C889-47EC-839D-9F1C7267E2E5}
	EndGlobalSection
EndGlobal
